
Microsoft Visual Studio Solution File, Format Version 12.00
# Visual Studio 15
Project("{FAE04EC0-301F-11D3-BF4B-00C04F79EFBC}") = "UnityEngine.UI", "UnityEngine.UI.csproj", "{C6E96A73-1589-64B0-2D92-FD0E5D1B2C95}"
EndProject
Project("{FAE04EC0-301F-11D3-BF4B-00C04F79EFBC}") = "UnityEngine.TestRunner", "UnityEngine.TestRunner.csproj", "{E5EE096F-1099-AED3-2685-0690E547704B}"
EndProject
Project("{FAE04EC0-301F-11D3-BF4B-00C04F79EFBC}") = "Unity.Timeline", "Unity.Timeline.csproj", "{BBBB73FD-6285-2E36-43D4-770AA59F1725}"
EndProject
Project("{FAE04EC0-301F-11D3-BF4B-00C04F79EFBC}") = "Unity.ProBuilder", "Unity.ProBuilder.csproj", "{312C6619-7BAA-0596-7FDB-87863BDD9FB3}"
EndProject
Project("{FAE04EC0-301F-11D3-BF4B-00C04F79EFBC}") = "UnityEngine.Monetization", "UnityEngine.Monetization.csproj", "{8AA16036-06AF-1AC2-CC47-E386D234CFB3}"
EndProject
Project("{FAE04EC0-301F-11D3-BF4B-00C04F79EFBC}") = "Unity.TextMeshPro", "Unity.TextMeshPro.csproj", "{5005D0A8-C001-1032-C1CE-4DD8D3B7514A}"
EndProject
Project("{FAE04EC0-301F-11D3-BF4B-00C04F79EFBC}") = "UnityEngine.Purchasing", "UnityEngine.Purchasing.csproj", "{8A3805F0-A229-4F1F-4E5E-725197FB6A82}"
EndProject
Project("{FAE04EC0-301F-11D3-BF4B-00C04F79EFBC}") = "Unity.ProBuilder.Poly2Tri", "Unity.ProBuilder.Poly2Tri.csproj", "{C73B27C8-4EA3-45D8-A522-2C4109AAC7D2}"
EndProject
Project("{FAE04EC0-301F-11D3-BF4B-00C04F79EFBC}") = "UnityEngine.Advertisements", "UnityEngine.Advertisements.csproj", "{77BF2574-C6F3-83F2-BEDF-CAE6046C36B1}"
EndProject
Project("{FAE04EC0-301F-11D3-BF4B-00C04F79EFBC}") = "Unity.Postprocessing.Runtime", "Unity.Postprocessing.Runtime.csproj", "{98698768-EFAF-4EA0-CF2C-C8409C889C11}"
EndProject
Project("{FAE04EC0-301F-11D3-BF4B-00C04F79EFBC}") = "Assembly-CSharp", "Assembly-CSharp.csproj", "{610D3FC8-B3D6-7919-6B82-76B848E2B326}"
EndProject
Project("{FAE04EC0-301F-11D3-BF4B-00C04F79EFBC}") = "Unity.ProGrids", "Unity.ProGrids.csproj", "{1C3C2660-8E40-ED0B-04EF-B1B7F326A9DF}"
EndProject
Project("{FAE04EC0-301F-11D3-BF4B-00C04F79EFBC}") = "Unity.ProBuilder.Csg", "Unity.ProBuilder.Csg.csproj", "{A3FC8A12-EFF3-BC8C-43E9-07C12093F967}"
EndProject
Project("{FAE04EC0-301F-11D3-BF4B-00C04F79EFBC}") = "Unity.ProBuilder.KdTree", "Unity.ProBuilder.KdTree.csproj", "{644068D9-43B3-44AA-7BA6-A8609B320443}"
EndProject
Project("{FAE04EC0-301F-11D3-BF4B-00C04F79EFBC}") = "Unity.ProBuilder.Stl", "Unity.ProBuilder.Stl.csproj", "{550369E2-6364-4ECF-3882-19C6B5E397DA}"
EndProject
Project("{FAE04EC0-301F-11D3-BF4B-00C04F79EFBC}") = "Unity.Analytics.DataPrivacy", "Unity.Analytics.DataPrivacy.csproj", "{68B0A38E-4A49-A296-326E-2A1057E32776}"
EndProject
Project("{FAE04EC0-301F-11D3-BF4B-00C04F79EFBC}") = "Unity.RenderPipelines.Universal.Runtime", "Unity.RenderPipelines.Universal.Runtime.csproj", "{DE8D2C89-1C52-365C-AC28-9D2D04F71BDF}"
EndProject
Project("{FAE04EC0-301F-11D3-BF4B-00C04F79EFBC}") = "Unity.RenderPipelines.Core.Runtime", "Unity.RenderPipelines.Core.Runtime.csproj", "{6504686E-9A03-BCC9-B7DA-F235F414E58A}"
EndProject
Project("{FAE04EC0-301F-11D3-BF4B-00C04F79EFBC}") = "Unity.Mathematics", "Unity.Mathematics.csproj", "{D93C86A2-06C1-8B91-1591-3A8DED2F3DAA}"
EndProject
Project("{FAE04EC0-301F-11D3-BF4B-00C04F79EFBC}") = "Unity.RenderPipelines.Core.ShaderLibrary", "Unity.RenderPipelines.Core.ShaderLibrary.csproj", "{7EAA6F2E-93CD-0A43-31C0-28E5EE7CE706}"
EndProject
Project("{FAE04EC0-301F-11D3-BF4B-00C04F79EFBC}") = "Unity.RenderPipelines.Universal.Shaders", "Unity.RenderPipelines.Universal.Shaders.csproj", "{A49356F2-E112-F282-9C9B-73B23E2D8762}"
EndProject
Project("{FAE04EC0-301F-11D3-BF4B-00C04F79EFBC}") = "Unity.RenderPipelines.ShaderGraph.ShaderGraphLibrary", "Unity.RenderPipelines.ShaderGraph.ShaderGraphLibrary.csproj", "{3A5695C2-113E-8195-DCA6-F9E16B76FBBD}"
EndProject
Project("{FAE04EC0-301F-11D3-BF4B-00C04F79EFBC}") = "Unity.RenderPipeline.Universal.ShaderLibrary", "Unity.RenderPipeline.Universal.ShaderLibrary.csproj", "{BD8E68D1-8D8E-5C10-E539-912CDEC3939E}"
EndProject
Project("{FAE04EC0-301F-11D3-BF4B-00C04F79EFBC}") = "UnityEditor.TestRunner", "UnityEditor.TestRunner.csproj", "{A28C1B35-CD51-030D-4D2C-FD03F4A0E33B}"
EndProject
Project("{FAE04EC0-301F-11D3-BF4B-00C04F79EFBC}") = "Unity.ProBuilder.Editor", "Unity.ProBuilder.Editor.csproj", "{062BA11C-6D01-73A1-4157-163A9C4A3FA7}"
EndProject
Project("{FAE04EC0-301F-11D3-BF4B-00C04F79EFBC}") = "UnityEditor.UI", "UnityEditor.UI.csproj", "{A36638DD-F229-437A-52F7-D59F694ADB03}"
EndProject
Project("{FAE04EC0-301F-11D3-BF4B-00C04F79EFBC}") = "Unity.Timeline.Editor", "Unity.Timeline.Editor.csproj", "{C94BEC73-061E-3443-68EB-F48F86A62468}"
EndProject
Project("{FAE04EC0-301F-11D3-BF4B-00C04F79EFBC}") = "Unity.VisualStudio.Editor", "Unity.VisualStudio.Editor.csproj", "{F2DD14C7-B0AD-9DD0-39DD-A5605719F945}"
EndProject
Project("{FAE04EC0-301F-11D3-BF4B-00C04F79EFBC}") = "UnityEngine.Advertisements.Editor", "UnityEngine.Advertisements.Editor.csproj", "{E8DB7E71-3F6A-4094-2520-B9FC6F50E4AA}"
EndProject
Project("{FAE04EC0-301F-11D3-BF4B-00C04F79EFBC}") = "Unity.TextMeshPro.Editor", "Unity.TextMeshPro.Editor.csproj", "{E0190E56-931E-E00D-7325-D753194A1B80}"
EndProject
Project("{FAE04EC0-301F-11D3-BF4B-00C04F79EFBC}") = "Assembly-CSharp-Editor", "Assembly-CSharp-Editor.csproj", "{D9F85605-F73B-A959-230A-68C99C08AC24}"
EndProject
Project("{FAE04EC0-301F-11D3-BF4B-00C04F79EFBC}") = "Unity.CollabProxy.Editor", "Unity.CollabProxy.Editor.csproj", "{EEA55432-B7BB-AC69-5CD3-C0375CCC132F}"
EndProject
Project("{FAE04EC0-301F-11D3-BF4B-00C04F79EFBC}") = "Unity.Postprocessing.Editor", "Unity.Postprocessing.Editor.csproj", "{6B0FB387-8EF0-A205-4CFF-9C3DEE32D590}"
EndProject
Project("{FAE04EC0-301F-11D3-BF4B-00C04F79EFBC}") = "Unity.Rider.Editor", "Unity.Rider.Editor.csproj", "{C8EA5877-BD55-31C4-EBB8-98589D0F0771}"
EndProject
Project("{FAE04EC0-301F-11D3-BF4B-00C04F79EFBC}") = "Unity.ProGrids.Editor", "Unity.ProGrids.Editor.csproj", "{8B5D3904-E797-7585-80B7-65827DBDDCC5}"
EndProject
Project("{FAE04EC0-301F-11D3-BF4B-00C04F79EFBC}") = "Unity.2D.Sprite.Editor", "Unity.2D.Sprite.Editor.csproj", "{BA9EA3AB-955D-6DDD-0619-50D80F4FD064}"
EndProject
Project("{FAE04EC0-301F-11D3-BF4B-00C04F79EFBC}") = "Unity.2D.Tilemap.Editor", "Unity.2D.Tilemap.Editor.csproj", "{ED25B811-04E0-9023-75D7-562B2BA8A2E8}"
EndProject
Project("{FAE04EC0-301F-11D3-BF4B-00C04F79EFBC}") = "Unity.VSCode.Editor", "Unity.VSCode.Editor.csproj", "{001D69C8-914E-3EE9-F0AB-AF61257A5904}"
EndProject
Project("{FAE04EC0-301F-11D3-BF4B-00C04F79EFBC}") = "Unity.ProBuilder.AssetIdRemapUtility", "Unity.ProBuilder.AssetIdRemapUtility.csproj", "{8B9F6305-48E7-CC68-578F-8267BACB0068}"
EndProject
Project("{FAE04EC0-301F-11D3-BF4B-00C04F79EFBC}") = "Unity.Settings.Editor", "Unity.Settings.Editor.csproj", "{3B960E01-207A-71B6-EB09-69B8A3901708}"
EndProject
Project("{FAE04EC0-301F-11D3-BF4B-00C04F79EFBC}") = "UnityEditor.Purchasing", "UnityEditor.Purchasing.csproj", "{80A865A9-8756-0AD5-7894-174544873A6E}"
EndProject
Project("{FAE04EC0-301F-11D3-BF4B-00C04F79EFBC}") = "Unity.ProBuilder.AddOns.Editor", "Unity.ProBuilder.AddOns.Editor.csproj", "{0023A0AF-B5E1-0232-8D49-3271C6C7D611}"
EndProject
Project("{FAE04EC0-301F-11D3-BF4B-00C04F79EFBC}") = "Analytics", "Analytics.csproj", "{06E43D61-AA6F-FEE7-7E70-0E787E6A255C}"
EndProject
Project("{FAE04EC0-301F-11D3-BF4B-00C04F79EFBC}") = "Unity.ShaderGraph.Editor", "Unity.ShaderGraph.Editor.csproj", "{76B13212-0A2B-CF10-BBA4-0FB3AEFF9554}"
EndProject
Project("{FAE04EC0-301F-11D3-BF4B-00C04F79EFBC}") = "Unity.RenderPipelines.Core.Editor", "Unity.RenderPipelines.Core.Editor.csproj", "{068E653D-E7E1-10F0-224E-669D0BDCF617}"
EndProject
Project("{FAE04EC0-301F-11D3-BF4B-00C04F79EFBC}") = "Unity.ShaderGraph.Utilities", "Unity.ShaderGraph.Utilities.csproj", "{035085D4-59CE-0439-1AEC-DC7056B09158}"
EndProject
Project("{FAE04EC0-301F-11D3-BF4B-00C04F79EFBC}") = "Unity.RenderPipelines.Universal.Editor", "Unity.RenderPipelines.Universal.Editor.csproj", "{12D209BE-9D44-98B2-64EF-76786A1C663C}"
EndProject
Project("{FAE04EC0-301F-11D3-BF4B-00C04F79EFBC}") = "Unity.Searcher.Editor", "Unity.Searcher.Editor.csproj", "{CA96CFE6-2ACB-376B-FDAE-0FF5CE162892}"
EndProject
Project("{FAE04EC0-301F-11D3-BF4B-00C04F79EFBC}") = "Unity.Mathematics.Editor", "Unity.Mathematics.Editor.csproj", "{E0BF30A5-4C24-F38F-B09A-8A625C01A1D9}"
EndProject
Project("{FAE04EC0-301F-11D3-BF4B-00C04F79EFBC}") = "UnityEngine.UI", "UnityEngine.UI.Player.csproj", "{FFC9F1D0-E954-7F5D-762F-96F2C8EFD50C}"
EndProject
Project("{FAE04EC0-301F-11D3-BF4B-00C04F79EFBC}") = "UnityEngine.TestRunner", "UnityEngine.TestRunner.Player.csproj", "{B6986C56-9FB9-0814-867B-39557AFA4474}"
EndProject
Project("{FAE04EC0-301F-11D3-BF4B-00C04F79EFBC}") = "Unity.Timeline", "Unity.Timeline.Player.csproj", "{2AA4A5E3-11CD-A80C-0149-A442A176A78F}"
EndProject
Project("{FAE04EC0-301F-11D3-BF4B-00C04F79EFBC}") = "Unity.ProBuilder", "Unity.ProBuilder.Player.csproj", "{7B389908-AF2A-2C5E-01DD-8968D65A835D}"
EndProject
Project("{FAE04EC0-301F-11D3-BF4B-00C04F79EFBC}") = "UnityEngine.Monetization", "UnityEngine.Monetization.Player.csproj", "{71859605-10F2-AC5C-231C-3DD16C08FFC6}"
EndProject
Project("{FAE04EC0-301F-11D3-BF4B-00C04F79EFBC}") = "Unity.TextMeshPro", "Unity.TextMeshPro.Player.csproj", "{2953EFE0-6263-C34B-A72E-D2B2823AF8B9}"
EndProject
Project("{FAE04EC0-301F-11D3-BF4B-00C04F79EFBC}") = "UnityEngine.Purchasing", "UnityEngine.Purchasing.Player.csproj", "{63213B40-C674-664B-57C6-2C099186E9F2}"
EndProject
Project("{FAE04EC0-301F-11D3-BF4B-00C04F79EFBC}") = "Unity.ProBuilder.Poly2Tri", "Unity.ProBuilder.Poly2Tri.Player.csproj", "{69BD59C9-CD34-B9BF-5FE9-BDE5CD6BBAC7}"
EndProject
Project("{FAE04EC0-301F-11D3-BF4B-00C04F79EFBC}") = "UnityEngine.Advertisements", "UnityEngine.Advertisements.Player.csproj", "{6527C98C-127D-CB06-AC60-C6DA9C6AE842}"
EndProject
Project("{FAE04EC0-301F-11D3-BF4B-00C04F79EFBC}") = "Unity.Postprocessing.Runtime", "Unity.Postprocessing.Runtime.Player.csproj", "{DC424D63-3A9E-1B43-A550-D4CAE6934EEC}"
EndProject
Project("{FAE04EC0-301F-11D3-BF4B-00C04F79EFBC}") = "Assembly-CSharp", "Assembly-CSharp.Player.csproj", "{8FA72708-BB0F-AB94-5E6F-38E331542BF0}"
EndProject
Project("{FAE04EC0-301F-11D3-BF4B-00C04F79EFBC}") = "Unity.ProGrids", "Unity.ProGrids.Player.csproj", "{EBCDB2D0-C5BD-7C36-11B7-902BFA765E12}"
EndProject
Project("{FAE04EC0-301F-11D3-BF4B-00C04F79EFBC}") = "Unity.ProBuilder.Csg", "Unity.ProBuilder.Csg.Player.csproj", "{93BC33E3-EB78-C180-9CC7-51414871194A}"
EndProject
Project("{FAE04EC0-301F-11D3-BF4B-00C04F79EFBC}") = "Unity.ProBuilder.KdTree", "Unity.ProBuilder.KdTree.Player.csproj", "{9121BFEB-E898-A44B-D17C-363F0FDBFFEC}"
EndProject
Project("{FAE04EC0-301F-11D3-BF4B-00C04F79EFBC}") = "Unity.ProBuilder.Stl", "Unity.ProBuilder.Stl.Player.csproj", "{1051DA26-CD51-E5C8-5BCE-54CAA4C6BD94}"
EndProject
Project("{FAE04EC0-301F-11D3-BF4B-00C04F79EFBC}") = "Unity.Analytics.DataPrivacy", "Unity.Analytics.DataPrivacy.Player.csproj", "{1B0CF3FF-0D43-CE5B-0537-B725C8ADE805}"
EndProject
Project("{FAE04EC0-301F-11D3-BF4B-00C04F79EFBC}") = "Unity.RenderPipelines.Universal.Runtime", "Unity.RenderPipelines.Universal.Runtime.Player.csproj", "{C1E523FF-DAF0-4E58-1BFE-D4A3A6B01B40}"
EndProject
Project("{FAE04EC0-301F-11D3-BF4B-00C04F79EFBC}") = "Unity.RenderPipelines.Core.Runtime", "Unity.RenderPipelines.Core.Runtime.Player.csproj", "{592C6DBC-8167-5B17-1DB8-822CEA1A41AD}"
EndProject
Project("{FAE04EC0-301F-11D3-BF4B-00C04F79EFBC}") = "Unity.Mathematics", "Unity.Mathematics.Player.csproj", "{2638A190-EFDB-E4FE-5BBF-9A1A99D9E582}"
EndProject
Project("{FAE04EC0-301F-11D3-BF4B-00C04F79EFBC}") = "Unity.RenderPipelines.Core.ShaderLibrary", "Unity.RenderPipelines.Core.ShaderLibrary.Player.csproj", "{F7CBC941-41BD-09B4-D589-4078A0CCC177}"
EndProject
Project("{FAE04EC0-301F-11D3-BF4B-00C04F79EFBC}") = "Unity.RenderPipelines.Universal.Shaders", "Unity.RenderPipelines.Universal.Shaders.Player.csproj", "{0F67DD61-2EE4-52A4-596C-E2AE63D79207}"
EndProject
Project("{FAE04EC0-301F-11D3-BF4B-00C04F79EFBC}") = "Unity.RenderPipelines.ShaderGraph.ShaderGraphLibrary", "Unity.RenderPipelines.ShaderGraph.ShaderGraphLibrary.Player.csproj", "{A521ED05-7AD6-4CC2-E885-1A3623EFDD79}"
EndProject
Project("{FAE04EC0-301F-11D3-BF4B-00C04F79EFBC}") = "Unity.RenderPipeline.Universal.ShaderLibrary", "Unity.RenderPipeline.Universal.ShaderLibrary.Player.csproj", "{F2687784-5E67-CD2E-A10D-49D2E4669F49}"
EndProject
Global
	GlobalSection(SolutionConfigurationPlatforms) = preSolution
		Debug|Any CPU = Debug|Any CPU
		Release|Any CPU = Release|Any CPU
	EndGlobalSection
	GlobalSection(ProjectConfigurationPlatforms) = postSolution
		{C6E96A73-1589-64B0-2D92-FD0E5D1B2C95}.Debug|Any CPU.ActiveCfg = Debug|Any CPU
		{C6E96A73-1589-64B0-2D92-FD0E5D1B2C95}.Debug|Any CPU.Build.0 = Debug|Any CPU
		{C6E96A73-1589-64B0-2D92-FD0E5D1B2C95}.Release|Any CPU.ActiveCfg = Release|Any CPU
		{C6E96A73-1589-64B0-2D92-FD0E5D1B2C95}.Release|Any CPU.Build.0 = Release|Any CPU
		{E5EE096F-1099-AED3-2685-0690E547704B}.Debug|Any CPU.ActiveCfg = Debug|Any CPU
		{E5EE096F-1099-AED3-2685-0690E547704B}.Debug|Any CPU.Build.0 = Debug|Any CPU
		{E5EE096F-1099-AED3-2685-0690E547704B}.Release|Any CPU.ActiveCfg = Release|Any CPU
		{E5EE096F-1099-AED3-2685-0690E547704B}.Release|Any CPU.Build.0 = Release|Any CPU
		{BBBB73FD-6285-2E36-43D4-770AA59F1725}.Debug|Any CPU.ActiveCfg = Debug|Any CPU
		{BBBB73FD-6285-2E36-43D4-770AA59F1725}.Debug|Any CPU.Build.0 = Debug|Any CPU
		{BBBB73FD-6285-2E36-43D4-770AA59F1725}.Release|Any CPU.ActiveCfg = Release|Any CPU
		{BBBB73FD-6285-2E36-43D4-770AA59F1725}.Release|Any CPU.Build.0 = Release|Any CPU
		{312C6619-7BAA-0596-7FDB-87863BDD9FB3}.Debug|Any CPU.ActiveCfg = Debug|Any CPU
		{312C6619-7BAA-0596-7FDB-87863BDD9FB3}.Debug|Any CPU.Build.0 = Debug|Any CPU
		{312C6619-7BAA-0596-7FDB-87863BDD9FB3}.Release|Any CPU.ActiveCfg = Release|Any CPU
		{312C6619-7BAA-0596-7FDB-87863BDD9FB3}.Release|Any CPU.Build.0 = Release|Any CPU
		{8AA16036-06AF-1AC2-CC47-E386D234CFB3}.Debug|Any CPU.ActiveCfg = Debug|Any CPU
		{8AA16036-06AF-1AC2-CC47-E386D234CFB3}.Debug|Any CPU.Build.0 = Debug|Any CPU
		{8AA16036-06AF-1AC2-CC47-E386D234CFB3}.Release|Any CPU.ActiveCfg = Release|Any CPU
		{8AA16036-06AF-1AC2-CC47-E386D234CFB3}.Release|Any CPU.Build.0 = Release|Any CPU
		{5005D0A8-C001-1032-C1CE-4DD8D3B7514A}.Debug|Any CPU.ActiveCfg = Debug|Any CPU
		{5005D0A8-C001-1032-C1CE-4DD8D3B7514A}.Debug|Any CPU.Build.0 = Debug|Any CPU
		{5005D0A8-C001-1032-C1CE-4DD8D3B7514A}.Release|Any CPU.ActiveCfg = Release|Any CPU
		{5005D0A8-C001-1032-C1CE-4DD8D3B7514A}.Release|Any CPU.Build.0 = Release|Any CPU
		{8A3805F0-A229-4F1F-4E5E-725197FB6A82}.Debug|Any CPU.ActiveCfg = Debug|Any CPU
		{8A3805F0-A229-4F1F-4E5E-725197FB6A82}.Debug|Any CPU.Build.0 = Debug|Any CPU
		{8A3805F0-A229-4F1F-4E5E-725197FB6A82}.Release|Any CPU.ActiveCfg = Release|Any CPU
		{8A3805F0-A229-4F1F-4E5E-725197FB6A82}.Release|Any CPU.Build.0 = Release|Any CPU
		{C73B27C8-4EA3-45D8-A522-2C4109AAC7D2}.Debug|Any CPU.ActiveCfg = Debug|Any CPU
		{C73B27C8-4EA3-45D8-A522-2C4109AAC7D2}.Debug|Any CPU.Build.0 = Debug|Any CPU
		{C73B27C8-4EA3-45D8-A522-2C4109AAC7D2}.Release|Any CPU.ActiveCfg = Release|Any CPU
		{C73B27C8-4EA3-45D8-A522-2C4109AAC7D2}.Release|Any CPU.Build.0 = Release|Any CPU
		{77BF2574-C6F3-83F2-BEDF-CAE6046C36B1}.Debug|Any CPU.ActiveCfg = Debug|Any CPU
		{77BF2574-C6F3-83F2-BEDF-CAE6046C36B1}.Debug|Any CPU.Build.0 = Debug|Any CPU
		{77BF2574-C6F3-83F2-BEDF-CAE6046C36B1}.Release|Any CPU.ActiveCfg = Release|Any CPU
		{77BF2574-C6F3-83F2-BEDF-CAE6046C36B1}.Release|Any CPU.Build.0 = Release|Any CPU
		{98698768-EFAF-4EA0-CF2C-C8409C889C11}.Debug|Any CPU.ActiveCfg = Debug|Any CPU
		{98698768-EFAF-4EA0-CF2C-C8409C889C11}.Debug|Any CPU.Build.0 = Debug|Any CPU
		{98698768-EFAF-4EA0-CF2C-C8409C889C11}.Release|Any CPU.ActiveCfg = Release|Any CPU
		{98698768-EFAF-4EA0-CF2C-C8409C889C11}.Release|Any CPU.Build.0 = Release|Any CPU
		{610D3FC8-B3D6-7919-6B82-76B848E2B326}.Debug|Any CPU.ActiveCfg = Debug|Any CPU
		{610D3FC8-B3D6-7919-6B82-76B848E2B326}.Debug|Any CPU.Build.0 = Debug|Any CPU
		{610D3FC8-B3D6-7919-6B82-76B848E2B326}.Release|Any CPU.ActiveCfg = Release|Any CPU
		{610D3FC8-B3D6-7919-6B82-76B848E2B326}.Release|Any CPU.Build.0 = Release|Any CPU
		{1C3C2660-8E40-ED0B-04EF-B1B7F326A9DF}.Debug|Any CPU.ActiveCfg = Debug|Any CPU
		{1C3C2660-8E40-ED0B-04EF-B1B7F326A9DF}.Debug|Any CPU.Build.0 = Debug|Any CPU
		{1C3C2660-8E40-ED0B-04EF-B1B7F326A9DF}.Release|Any CPU.ActiveCfg = Release|Any CPU
		{1C3C2660-8E40-ED0B-04EF-B1B7F326A9DF}.Release|Any CPU.Build.0 = Release|Any CPU
		{A3FC8A12-EFF3-BC8C-43E9-07C12093F967}.Debug|Any CPU.ActiveCfg = Debug|Any CPU
		{A3FC8A12-EFF3-BC8C-43E9-07C12093F967}.Debug|Any CPU.Build.0 = Debug|Any CPU
		{A3FC8A12-EFF3-BC8C-43E9-07C12093F967}.Release|Any CPU.ActiveCfg = Release|Any CPU
		{A3FC8A12-EFF3-BC8C-43E9-07C12093F967}.Release|Any CPU.Build.0 = Release|Any CPU
		{644068D9-43B3-44AA-7BA6-A8609B320443}.Debug|Any CPU.ActiveCfg = Debug|Any CPU
		{644068D9-43B3-44AA-7BA6-A8609B320443}.Debug|Any CPU.Build.0 = Debug|Any CPU
		{644068D9-43B3-44AA-7BA6-A8609B320443}.Release|Any CPU.ActiveCfg = Release|Any CPU
		{644068D9-43B3-44AA-7BA6-A8609B320443}.Release|Any CPU.Build.0 = Release|Any CPU
		{550369E2-6364-4ECF-3882-19C6B5E397DA}.Debug|Any CPU.ActiveCfg = Debug|Any CPU
		{550369E2-6364-4ECF-3882-19C6B5E397DA}.Debug|Any CPU.Build.0 = Debug|Any CPU
		{550369E2-6364-4ECF-3882-19C6B5E397DA}.Release|Any CPU.ActiveCfg = Release|Any CPU
		{550369E2-6364-4ECF-3882-19C6B5E397DA}.Release|Any CPU.Build.0 = Release|Any CPU
		{68B0A38E-4A49-A296-326E-2A1057E32776}.Debug|Any CPU.ActiveCfg = Debug|Any CPU
		{68B0A38E-4A49-A296-326E-2A1057E32776}.Debug|Any CPU.Build.0 = Debug|Any CPU
		{68B0A38E-4A49-A296-326E-2A1057E32776}.Release|Any CPU.ActiveCfg = Release|Any CPU
		{68B0A38E-4A49-A296-326E-2A1057E32776}.Release|Any CPU.Build.0 = Release|Any CPU
		{DE8D2C89-1C52-365C-AC28-9D2D04F71BDF}.Debug|Any CPU.ActiveCfg = Debug|Any CPU
		{DE8D2C89-1C52-365C-AC28-9D2D04F71BDF}.Debug|Any CPU.Build.0 = Debug|Any CPU
		{DE8D2C89-1C52-365C-AC28-9D2D04F71BDF}.Release|Any CPU.ActiveCfg = Release|Any CPU
		{DE8D2C89-1C52-365C-AC28-9D2D04F71BDF}.Release|Any CPU.Build.0 = Release|Any CPU
		{6504686E-9A03-BCC9-B7DA-F235F414E58A}.Debug|Any CPU.ActiveCfg = Debug|Any CPU
		{6504686E-9A03-BCC9-B7DA-F235F414E58A}.Debug|Any CPU.Build.0 = Debug|Any CPU
		{6504686E-9A03-BCC9-B7DA-F235F414E58A}.Release|Any CPU.ActiveCfg = Release|Any CPU
		{6504686E-9A03-BCC9-B7DA-F235F414E58A}.Release|Any CPU.Build.0 = Release|Any CPU
		{D93C86A2-06C1-8B91-1591-3A8DED2F3DAA}.Debug|Any CPU.ActiveCfg = Debug|Any CPU
		{D93C86A2-06C1-8B91-1591-3A8DED2F3DAA}.Debug|Any CPU.Build.0 = Debug|Any CPU
		{D93C86A2-06C1-8B91-1591-3A8DED2F3DAA}.Release|Any CPU.ActiveCfg = Release|Any CPU
		{D93C86A2-06C1-8B91-1591-3A8DED2F3DAA}.Release|Any CPU.Build.0 = Release|Any CPU
		{7EAA6F2E-93CD-0A43-31C0-28E5EE7CE706}.Debug|Any CPU.ActiveCfg = Debug|Any CPU
		{7EAA6F2E-93CD-0A43-31C0-28E5EE7CE706}.Debug|Any CPU.Build.0 = Debug|Any CPU
		{7EAA6F2E-93CD-0A43-31C0-28E5EE7CE706}.Release|Any CPU.ActiveCfg = Release|Any CPU
		{7EAA6F2E-93CD-0A43-31C0-28E5EE7CE706}.Release|Any CPU.Build.0 = Release|Any CPU
		{A49356F2-E112-F282-9C9B-73B23E2D8762}.Debug|Any CPU.ActiveCfg = Debug|Any CPU
		{A49356F2-E112-F282-9C9B-73B23E2D8762}.Debug|Any CPU.Build.0 = Debug|Any CPU
		{A49356F2-E112-F282-9C9B-73B23E2D8762}.Release|Any CPU.ActiveCfg = Release|Any CPU
		{A49356F2-E112-F282-9C9B-73B23E2D8762}.Release|Any CPU.Build.0 = Release|Any CPU
		{3A5695C2-113E-8195-DCA6-F9E16B76FBBD}.Debug|Any CPU.ActiveCfg = Debug|Any CPU
		{3A5695C2-113E-8195-DCA6-F9E16B76FBBD}.Debug|Any CPU.Build.0 = Debug|Any CPU
		{3A5695C2-113E-8195-DCA6-F9E16B76FBBD}.Release|Any CPU.ActiveCfg = Release|Any CPU
		{3A5695C2-113E-8195-DCA6-F9E16B76FBBD}.Release|Any CPU.Build.0 = Release|Any CPU
		{BD8E68D1-8D8E-5C10-E539-912CDEC3939E}.Debug|Any CPU.ActiveCfg = Debug|Any CPU
		{BD8E68D1-8D8E-5C10-E539-912CDEC3939E}.Debug|Any CPU.Build.0 = Debug|Any CPU
		{BD8E68D1-8D8E-5C10-E539-912CDEC3939E}.Release|Any CPU.ActiveCfg = Release|Any CPU
		{BD8E68D1-8D8E-5C10-E539-912CDEC3939E}.Release|Any CPU.Build.0 = Release|Any CPU
		{A28C1B35-CD51-030D-4D2C-FD03F4A0E33B}.Debug|Any CPU.ActiveCfg = Debug|Any CPU
		{A28C1B35-CD51-030D-4D2C-FD03F4A0E33B}.Debug|Any CPU.Build.0 = Debug|Any CPU
		{A28C1B35-CD51-030D-4D2C-FD03F4A0E33B}.Release|Any CPU.ActiveCfg = Release|Any CPU
		{A28C1B35-CD51-030D-4D2C-FD03F4A0E33B}.Release|Any CPU.Build.0 = Release|Any CPU
		{062BA11C-6D01-73A1-4157-163A9C4A3FA7}.Debug|Any CPU.ActiveCfg = Debug|Any CPU
		{062BA11C-6D01-73A1-4157-163A9C4A3FA7}.Debug|Any CPU.Build.0 = Debug|Any CPU
		{062BA11C-6D01-73A1-4157-163A9C4A3FA7}.Release|Any CPU.ActiveCfg = Release|Any CPU
		{062BA11C-6D01-73A1-4157-163A9C4A3FA7}.Release|Any CPU.Build.0 = Release|Any CPU
		{A36638DD-F229-437A-52F7-D59F694ADB03}.Debug|Any CPU.ActiveCfg = Debug|Any CPU
		{A36638DD-F229-437A-52F7-D59F694ADB03}.Debug|Any CPU.Build.0 = Debug|Any CPU
		{A36638DD-F229-437A-52F7-D59F694ADB03}.Release|Any CPU.ActiveCfg = Release|Any CPU
		{A36638DD-F229-437A-52F7-D59F694ADB03}.Release|Any CPU.Build.0 = Release|Any CPU
		{C94BEC73-061E-3443-68EB-F48F86A62468}.Debug|Any CPU.ActiveCfg = Debug|Any CPU
		{C94BEC73-061E-3443-68EB-F48F86A62468}.Debug|Any CPU.Build.0 = Debug|Any CPU
		{C94BEC73-061E-3443-68EB-F48F86A62468}.Release|Any CPU.ActiveCfg = Release|Any CPU
		{C94BEC73-061E-3443-68EB-F48F86A62468}.Release|Any CPU.Build.0 = Release|Any CPU
		{F2DD14C7-B0AD-9DD0-39DD-A5605719F945}.Debug|Any CPU.ActiveCfg = Debug|Any CPU
		{F2DD14C7-B0AD-9DD0-39DD-A5605719F945}.Debug|Any CPU.Build.0 = Debug|Any CPU
		{F2DD14C7-B0AD-9DD0-39DD-A5605719F945}.Release|Any CPU.ActiveCfg = Release|Any CPU
		{F2DD14C7-B0AD-9DD0-39DD-A5605719F945}.Release|Any CPU.Build.0 = Release|Any CPU
		{E8DB7E71-3F6A-4094-2520-B9FC6F50E4AA}.Debug|Any CPU.ActiveCfg = Debug|Any CPU
		{E8DB7E71-3F6A-4094-2520-B9FC6F50E4AA}.Debug|Any CPU.Build.0 = Debug|Any CPU
		{E8DB7E71-3F6A-4094-2520-B9FC6F50E4AA}.Release|Any CPU.ActiveCfg = Release|Any CPU
		{E8DB7E71-3F6A-4094-2520-B9FC6F50E4AA}.Release|Any CPU.Build.0 = Release|Any CPU
		{E0190E56-931E-E00D-7325-D753194A1B80}.Debug|Any CPU.ActiveCfg = Debug|Any CPU
		{E0190E56-931E-E00D-7325-D753194A1B80}.Debug|Any CPU.Build.0 = Debug|Any CPU
		{E0190E56-931E-E00D-7325-D753194A1B80}.Release|Any CPU.ActiveCfg = Release|Any CPU
		{E0190E56-931E-E00D-7325-D753194A1B80}.Release|Any CPU.Build.0 = Release|Any CPU
		{D9F85605-F73B-A959-230A-68C99C08AC24}.Debug|Any CPU.ActiveCfg = Debug|Any CPU
		{D9F85605-F73B-A959-230A-68C99C08AC24}.Debug|Any CPU.Build.0 = Debug|Any CPU
		{D9F85605-F73B-A959-230A-68C99C08AC24}.Release|Any CPU.ActiveCfg = Release|Any CPU
		{D9F85605-F73B-A959-230A-68C99C08AC24}.Release|Any CPU.Build.0 = Release|Any CPU
		{EEA55432-B7BB-AC69-5CD3-C0375CCC132F}.Debug|Any CPU.ActiveCfg = Debug|Any CPU
		{EEA55432-B7BB-AC69-5CD3-C0375CCC132F}.Debug|Any CPU.Build.0 = Debug|Any CPU
		{EEA55432-B7BB-AC69-5CD3-C0375CCC132F}.Release|Any CPU.ActiveCfg = Release|Any CPU
		{EEA55432-B7BB-AC69-5CD3-C0375CCC132F}.Release|Any CPU.Build.0 = Release|Any CPU
		{6B0FB387-8EF0-A205-4CFF-9C3DEE32D590}.Debug|Any CPU.ActiveCfg = Debug|Any CPU
		{6B0FB387-8EF0-A205-4CFF-9C3DEE32D590}.Debug|Any CPU.Build.0 = Debug|Any CPU
		{6B0FB387-8EF0-A205-4CFF-9C3DEE32D590}.Release|Any CPU.ActiveCfg = Release|Any CPU
		{6B0FB387-8EF0-A205-4CFF-9C3DEE32D590}.Release|Any CPU.Build.0 = Release|Any CPU
		{C8EA5877-BD55-31C4-EBB8-98589D0F0771}.Debug|Any CPU.ActiveCfg = Debug|Any CPU
		{C8EA5877-BD55-31C4-EBB8-98589D0F0771}.Debug|Any CPU.Build.0 = Debug|Any CPU
		{C8EA5877-BD55-31C4-EBB8-98589D0F0771}.Release|Any CPU.ActiveCfg = Release|Any CPU
		{C8EA5877-BD55-31C4-EBB8-98589D0F0771}.Release|Any CPU.Build.0 = Release|Any CPU
		{8B5D3904-E797-7585-80B7-65827DBDDCC5}.Debug|Any CPU.ActiveCfg = Debug|Any CPU
		{8B5D3904-E797-7585-80B7-65827DBDDCC5}.Debug|Any CPU.Build.0 = Debug|Any CPU
		{8B5D3904-E797-7585-80B7-65827DBDDCC5}.Release|Any CPU.ActiveCfg = Release|Any CPU
		{8B5D3904-E797-7585-80B7-65827DBDDCC5}.Release|Any CPU.Build.0 = Release|Any CPU
		{BA9EA3AB-955D-6DDD-0619-50D80F4FD064}.Debug|Any CPU.ActiveCfg = Debug|Any CPU
		{BA9EA3AB-955D-6DDD-0619-50D80F4FD064}.Debug|Any CPU.Build.0 = Debug|Any CPU
		{BA9EA3AB-955D-6DDD-0619-50D80F4FD064}.Release|Any CPU.ActiveCfg = Release|Any CPU
		{BA9EA3AB-955D-6DDD-0619-50D80F4FD064}.Release|Any CPU.Build.0 = Release|Any CPU
		{ED25B811-04E0-9023-75D7-562B2BA8A2E8}.Debug|Any CPU.ActiveCfg = Debug|Any CPU
		{ED25B811-04E0-9023-75D7-562B2BA8A2E8}.Debug|Any CPU.Build.0 = Debug|Any CPU
		{ED25B811-04E0-9023-75D7-562B2BA8A2E8}.Release|Any CPU.ActiveCfg = Release|Any CPU
		{ED25B811-04E0-9023-75D7-562B2BA8A2E8}.Release|Any CPU.Build.0 = Release|Any CPU
		{001D69C8-914E-3EE9-F0AB-AF61257A5904}.Debug|Any CPU.ActiveCfg = Debug|Any CPU
		{001D69C8-914E-3EE9-F0AB-AF61257A5904}.Debug|Any CPU.Build.0 = Debug|Any CPU
		{001D69C8-914E-3EE9-F0AB-AF61257A5904}.Release|Any CPU.ActiveCfg = Release|Any CPU
		{001D69C8-914E-3EE9-F0AB-AF61257A5904}.Release|Any CPU.Build.0 = Release|Any CPU
		{8B9F6305-48E7-CC68-578F-8267BACB0068}.Debug|Any CPU.ActiveCfg = Debug|Any CPU
		{8B9F6305-48E7-CC68-578F-8267BACB0068}.Debug|Any CPU.Build.0 = Debug|Any CPU
		{8B9F6305-48E7-CC68-578F-8267BACB0068}.Release|Any CPU.ActiveCfg = Release|Any CPU
		{8B9F6305-48E7-CC68-578F-8267BACB0068}.Release|Any CPU.Build.0 = Release|Any CPU
		{3B960E01-207A-71B6-EB09-69B8A3901708}.Debug|Any CPU.ActiveCfg = Debug|Any CPU
		{3B960E01-207A-71B6-EB09-69B8A3901708}.Debug|Any CPU.Build.0 = Debug|Any CPU
		{3B960E01-207A-71B6-EB09-69B8A3901708}.Release|Any CPU.ActiveCfg = Release|Any CPU
		{3B960E01-207A-71B6-EB09-69B8A3901708}.Release|Any CPU.Build.0 = Release|Any CPU
		{80A865A9-8756-0AD5-7894-174544873A6E}.Debug|Any CPU.ActiveCfg = Debug|Any CPU
		{80A865A9-8756-0AD5-7894-174544873A6E}.Debug|Any CPU.Build.0 = Debug|Any CPU
		{80A865A9-8756-0AD5-7894-174544873A6E}.Release|Any CPU.ActiveCfg = Release|Any CPU
		{80A865A9-8756-0AD5-7894-174544873A6E}.Release|Any CPU.Build.0 = Release|Any CPU
		{0023A0AF-B5E1-0232-8D49-3271C6C7D611}.Debug|Any CPU.ActiveCfg = Debug|Any CPU
		{0023A0AF-B5E1-0232-8D49-3271C6C7D611}.Debug|Any CPU.Build.0 = Debug|Any CPU
		{0023A0AF-B5E1-0232-8D49-3271C6C7D611}.Release|Any CPU.ActiveCfg = Release|Any CPU
		{0023A0AF-B5E1-0232-8D49-3271C6C7D611}.Release|Any CPU.Build.0 = Release|Any CPU
		{06E43D61-AA6F-FEE7-7E70-0E787E6A255C}.Debug|Any CPU.ActiveCfg = Debug|Any CPU
		{06E43D61-AA6F-FEE7-7E70-0E787E6A255C}.Debug|Any CPU.Build.0 = Debug|Any CPU
		{06E43D61-AA6F-FEE7-7E70-0E787E6A255C}.Release|Any CPU.ActiveCfg = Release|Any CPU
		{06E43D61-AA6F-FEE7-7E70-0E787E6A255C}.Release|Any CPU.Build.0 = Release|Any CPU
		{76B13212-0A2B-CF10-BBA4-0FB3AEFF9554}.Debug|Any CPU.ActiveCfg = Debug|Any CPU
		{76B13212-0A2B-CF10-BBA4-0FB3AEFF9554}.Debug|Any CPU.Build.0 = Debug|Any CPU
		{76B13212-0A2B-CF10-BBA4-0FB3AEFF9554}.Release|Any CPU.ActiveCfg = Release|Any CPU
		{76B13212-0A2B-CF10-BBA4-0FB3AEFF9554}.Release|Any CPU.Build.0 = Release|Any CPU
		{068E653D-E7E1-10F0-224E-669D0BDCF617}.Debug|Any CPU.ActiveCfg = Debug|Any CPU
		{068E653D-E7E1-10F0-224E-669D0BDCF617}.Debug|Any CPU.Build.0 = Debug|Any CPU
		{068E653D-E7E1-10F0-224E-669D0BDCF617}.Release|Any CPU.ActiveCfg = Release|Any CPU
		{068E653D-E7E1-10F0-224E-669D0BDCF617}.Release|Any CPU.Build.0 = Release|Any CPU
		{035085D4-59CE-0439-1AEC-DC7056B09158}.Debug|Any CPU.ActiveCfg = Debug|Any CPU
		{035085D4-59CE-0439-1AEC-DC7056B09158}.Debug|Any CPU.Build.0 = Debug|Any CPU
		{035085D4-59CE-0439-1AEC-DC7056B09158}.Release|Any CPU.ActiveCfg = Release|Any CPU
		{035085D4-59CE-0439-1AEC-DC7056B09158}.Release|Any CPU.Build.0 = Release|Any CPU
		{12D209BE-9D44-98B2-64EF-76786A1C663C}.Debug|Any CPU.ActiveCfg = Debug|Any CPU
		{12D209BE-9D44-98B2-64EF-76786A1C663C}.Debug|Any CPU.Build.0 = Debug|Any CPU
		{12D209BE-9D44-98B2-64EF-76786A1C663C}.Release|Any CPU.ActiveCfg = Release|Any CPU
		{12D209BE-9D44-98B2-64EF-76786A1C663C}.Release|Any CPU.Build.0 = Release|Any CPU
		{CA96CFE6-2ACB-376B-FDAE-0FF5CE162892}.Debug|Any CPU.ActiveCfg = Debug|Any CPU
		{CA96CFE6-2ACB-376B-FDAE-0FF5CE162892}.Debug|Any CPU.Build.0 = Debug|Any CPU
		{CA96CFE6-2ACB-376B-FDAE-0FF5CE162892}.Release|Any CPU.ActiveCfg = Release|Any CPU
		{CA96CFE6-2ACB-376B-FDAE-0FF5CE162892}.Release|Any CPU.Build.0 = Release|Any CPU
		{E0BF30A5-4C24-F38F-B09A-8A625C01A1D9}.Debug|Any CPU.ActiveCfg = Debug|Any CPU
		{E0BF30A5-4C24-F38F-B09A-8A625C01A1D9}.Debug|Any CPU.Build.0 = Debug|Any CPU
		{E0BF30A5-4C24-F38F-B09A-8A625C01A1D9}.Release|Any CPU.ActiveCfg = Release|Any CPU
		{E0BF30A5-4C24-F38F-B09A-8A625C01A1D9}.Release|Any CPU.Build.0 = Release|Any CPU
		{FFC9F1D0-E954-7F5D-762F-96F2C8EFD50C}.Debug|Any CPU.ActiveCfg = Debug|Any CPU
		{FFC9F1D0-E954-7F5D-762F-96F2C8EFD50C}.Debug|Any CPU.Build.0 = Debug|Any CPU
		{FFC9F1D0-E954-7F5D-762F-96F2C8EFD50C}.Release|Any CPU.ActiveCfg = Release|Any CPU
		{FFC9F1D0-E954-7F5D-762F-96F2C8EFD50C}.Release|Any CPU.Build.0 = Release|Any CPU
		{B6986C56-9FB9-0814-867B-39557AFA4474}.Debug|Any CPU.ActiveCfg = Debug|Any CPU
		{B6986C56-9FB9-0814-867B-39557AFA4474}.Debug|Any CPU.Build.0 = Debug|Any CPU
		{B6986C56-9FB9-0814-867B-39557AFA4474}.Release|Any CPU.ActiveCfg = Release|Any CPU
		{B6986C56-9FB9-0814-867B-39557AFA4474}.Release|Any CPU.Build.0 = Release|Any CPU
		{2AA4A5E3-11CD-A80C-0149-A442A176A78F}.Debug|Any CPU.ActiveCfg = Debug|Any CPU
		{2AA4A5E3-11CD-A80C-0149-A442A176A78F}.Debug|Any CPU.Build.0 = Debug|Any CPU
		{2AA4A5E3-11CD-A80C-0149-A442A176A78F}.Release|Any CPU.ActiveCfg = Release|Any CPU
		{2AA4A5E3-11CD-A80C-0149-A442A176A78F}.Release|Any CPU.Build.0 = Release|Any CPU
		{7B389908-AF2A-2C5E-01DD-8968D65A835D}.Debug|Any CPU.ActiveCfg = Debug|Any CPU
		{7B389908-AF2A-2C5E-01DD-8968D65A835D}.Debug|Any CPU.Build.0 = Debug|Any CPU
		{7B389908-AF2A-2C5E-01DD-8968D65A835D}.Release|Any CPU.ActiveCfg = Release|Any CPU
		{7B389908-AF2A-2C5E-01DD-8968D65A835D}.Release|Any CPU.Build.0 = Release|Any CPU
		{71859605-10F2-AC5C-231C-3DD16C08FFC6}.Debug|Any CPU.ActiveCfg = Debug|Any CPU
		{71859605-10F2-AC5C-231C-3DD16C08FFC6}.Debug|Any CPU.Build.0 = Debug|Any CPU
		{71859605-10F2-AC5C-231C-3DD16C08FFC6}.Release|Any CPU.ActiveCfg = Release|Any CPU
		{71859605-10F2-AC5C-231C-3DD16C08FFC6}.Release|Any CPU.Build.0 = Release|Any CPU
		{2953EFE0-6263-C34B-A72E-D2B2823AF8B9}.Debug|Any CPU.ActiveCfg = Debug|Any CPU
		{2953EFE0-6263-C34B-A72E-D2B2823AF8B9}.Debug|Any CPU.Build.0 = Debug|Any CPU
		{2953EFE0-6263-C34B-A72E-D2B2823AF8B9}.Release|Any CPU.ActiveCfg = Release|Any CPU
		{2953EFE0-6263-C34B-A72E-D2B2823AF8B9}.Release|Any CPU.Build.0 = Release|Any CPU
		{63213B40-C674-664B-57C6-2C099186E9F2}.Debug|Any CPU.ActiveCfg = Debug|Any CPU
		{63213B40-C674-664B-57C6-2C099186E9F2}.Debug|Any CPU.Build.0 = Debug|Any CPU
		{63213B40-C674-664B-57C6-2C099186E9F2}.Release|Any CPU.ActiveCfg = Release|Any CPU
		{63213B40-C674-664B-57C6-2C099186E9F2}.Release|Any CPU.Build.0 = Release|Any CPU
		{69BD59C9-CD34-B9BF-5FE9-BDE5CD6BBAC7}.Debug|Any CPU.ActiveCfg = Debug|Any CPU
		{69BD59C9-CD34-B9BF-5FE9-BDE5CD6BBAC7}.Debug|Any CPU.Build.0 = Debug|Any CPU
		{69BD59C9-CD34-B9BF-5FE9-BDE5CD6BBAC7}.Release|Any CPU.ActiveCfg = Release|Any CPU
		{69BD59C9-CD34-B9BF-5FE9-BDE5CD6BBAC7}.Release|Any CPU.Build.0 = Release|Any CPU
		{6527C98C-127D-CB06-AC60-C6DA9C6AE842}.Debug|Any CPU.ActiveCfg = Debug|Any CPU
		{6527C98C-127D-CB06-AC60-C6DA9C6AE842}.Debug|Any CPU.Build.0 = Debug|Any CPU
		{6527C98C-127D-CB06-AC60-C6DA9C6AE842}.Release|Any CPU.ActiveCfg = Release|Any CPU
		{6527C98C-127D-CB06-AC60-C6DA9C6AE842}.Release|Any CPU.Build.0 = Release|Any CPU
		{DC424D63-3A9E-1B43-A550-D4CAE6934EEC}.Debug|Any CPU.ActiveCfg = Debug|Any CPU
		{DC424D63-3A9E-1B43-A550-D4CAE6934EEC}.Debug|Any CPU.Build.0 = Debug|Any CPU
		{DC424D63-3A9E-1B43-A550-D4CAE6934EEC}.Release|Any CPU.ActiveCfg = Release|Any CPU
		{DC424D63-3A9E-1B43-A550-D4CAE6934EEC}.Release|Any CPU.Build.0 = Release|Any CPU
		{8FA72708-BB0F-AB94-5E6F-38E331542BF0}.Debug|Any CPU.ActiveCfg = Debug|Any CPU
		{8FA72708-BB0F-AB94-5E6F-38E331542BF0}.Debug|Any CPU.Build.0 = Debug|Any CPU
		{8FA72708-BB0F-AB94-5E6F-38E331542BF0}.Release|Any CPU.ActiveCfg = Release|Any CPU
		{8FA72708-BB0F-AB94-5E6F-38E331542BF0}.Release|Any CPU.Build.0 = Release|Any CPU
		{EBCDB2D0-C5BD-7C36-11B7-902BFA765E12}.Debug|Any CPU.ActiveCfg = Debug|Any CPU
		{EBCDB2D0-C5BD-7C36-11B7-902BFA765E12}.Debug|Any CPU.Build.0 = Debug|Any CPU
		{EBCDB2D0-C5BD-7C36-11B7-902BFA765E12}.Release|Any CPU.ActiveCfg = Release|Any CPU
		{EBCDB2D0-C5BD-7C36-11B7-902BFA765E12}.Release|Any CPU.Build.0 = Release|Any CPU
		{93BC33E3-EB78-C180-9CC7-51414871194A}.Debug|Any CPU.ActiveCfg = Debug|Any CPU
		{93BC33E3-EB78-C180-9CC7-51414871194A}.Debug|Any CPU.Build.0 = Debug|Any CPU
		{93BC33E3-EB78-C180-9CC7-51414871194A}.Release|Any CPU.ActiveCfg = Release|Any CPU
		{93BC33E3-EB78-C180-9CC7-51414871194A}.Release|Any CPU.Build.0 = Release|Any CPU
		{9121BFEB-E898-A44B-D17C-363F0FDBFFEC}.Debug|Any CPU.ActiveCfg = Debug|Any CPU
		{9121BFEB-E898-A44B-D17C-363F0FDBFFEC}.Debug|Any CPU.Build.0 = Debug|Any CPU
		{9121BFEB-E898-A44B-D17C-363F0FDBFFEC}.Release|Any CPU.ActiveCfg = Release|Any CPU
		{9121BFEB-E898-A44B-D17C-363F0FDBFFEC}.Release|Any CPU.Build.0 = Release|Any CPU
		{1051DA26-CD51-E5C8-5BCE-54CAA4C6BD94}.Debug|Any CPU.ActiveCfg = Debug|Any CPU
		{1051DA26-CD51-E5C8-5BCE-54CAA4C6BD94}.Debug|Any CPU.Build.0 = Debug|Any CPU
		{1051DA26-CD51-E5C8-5BCE-54CAA4C6BD94}.Release|Any CPU.ActiveCfg = Release|Any CPU
		{1051DA26-CD51-E5C8-5BCE-54CAA4C6BD94}.Release|Any CPU.Build.0 = Release|Any CPU
		{1B0CF3FF-0D43-CE5B-0537-B725C8ADE805}.Debug|Any CPU.ActiveCfg = Debug|Any CPU
		{1B0CF3FF-0D43-CE5B-0537-B725C8ADE805}.Debug|Any CPU.Build.0 = Debug|Any CPU
		{1B0CF3FF-0D43-CE5B-0537-B725C8ADE805}.Release|Any CPU.ActiveCfg = Release|Any CPU
		{1B0CF3FF-0D43-CE5B-0537-B725C8ADE805}.Release|Any CPU.Build.0 = Release|Any CPU
		{C1E523FF-DAF0-4E58-1BFE-D4A3A6B01B40}.Debug|Any CPU.ActiveCfg = Debug|Any CPU
		{C1E523FF-DAF0-4E58-1BFE-D4A3A6B01B40}.Debug|Any CPU.Build.0 = Debug|Any CPU
		{C1E523FF-DAF0-4E58-1BFE-D4A3A6B01B40}.Release|Any CPU.ActiveCfg = Release|Any CPU
		{C1E523FF-DAF0-4E58-1BFE-D4A3A6B01B40}.Release|Any CPU.Build.0 = Release|Any CPU
		{592C6DBC-8167-5B17-1DB8-822CEA1A41AD}.Debug|Any CPU.ActiveCfg = Debug|Any CPU
		{592C6DBC-8167-5B17-1DB8-822CEA1A41AD}.Debug|Any CPU.Build.0 = Debug|Any CPU
		{592C6DBC-8167-5B17-1DB8-822CEA1A41AD}.Release|Any CPU.ActiveCfg = Release|Any CPU
		{592C6DBC-8167-5B17-1DB8-822CEA1A41AD}.Release|Any CPU.Build.0 = Release|Any CPU
		{2638A190-EFDB-E4FE-5BBF-9A1A99D9E582}.Debug|Any CPU.ActiveCfg = Debug|Any CPU
		{2638A190-EFDB-E4FE-5BBF-9A1A99D9E582}.Debug|Any CPU.Build.0 = Debug|Any CPU
		{2638A190-EFDB-E4FE-5BBF-9A1A99D9E582}.Release|Any CPU.ActiveCfg = Release|Any CPU
		{2638A190-EFDB-E4FE-5BBF-9A1A99D9E582}.Release|Any CPU.Build.0 = Release|Any CPU
		{F7CBC941-41BD-09B4-D589-4078A0CCC177}.Debug|Any CPU.ActiveCfg = Debug|Any CPU
		{F7CBC941-41BD-09B4-D589-4078A0CCC177}.Debug|Any CPU.Build.0 = Debug|Any CPU
		{F7CBC941-41BD-09B4-D589-4078A0CCC177}.Release|Any CPU.ActiveCfg = Release|Any CPU
		{F7CBC941-41BD-09B4-D589-4078A0CCC177}.Release|Any CPU.Build.0 = Release|Any CPU
		{0F67DD61-2EE4-52A4-596C-E2AE63D79207}.Debug|Any CPU.ActiveCfg = Debug|Any CPU
		{0F67DD61-2EE4-52A4-596C-E2AE63D79207}.Debug|Any CPU.Build.0 = Debug|Any CPU
		{0F67DD61-2EE4-52A4-596C-E2AE63D79207}.Release|Any CPU.ActiveCfg = Release|Any CPU
		{0F67DD61-2EE4-52A4-596C-E2AE63D79207}.Release|Any CPU.Build.0 = Release|Any CPU
		{A521ED05-7AD6-4CC2-E885-1A3623EFDD79}.Debug|Any CPU.ActiveCfg = Debug|Any CPU
		{A521ED05-7AD6-4CC2-E885-1A3623EFDD79}.Debug|Any CPU.Build.0 = Debug|Any CPU
		{A521ED05-7AD6-4CC2-E885-1A3623EFDD79}.Release|Any CPU.ActiveCfg = Release|Any CPU
		{A521ED05-7AD6-4CC2-E885-1A3623EFDD79}.Release|Any CPU.Build.0 = Release|Any CPU
		{F2687784-5E67-CD2E-A10D-49D2E4669F49}.Debug|Any CPU.ActiveCfg = Debug|Any CPU
		{F2687784-5E67-CD2E-A10D-49D2E4669F49}.Debug|Any CPU.Build.0 = Debug|Any CPU
		{F2687784-5E67-CD2E-A10D-49D2E4669F49}.Release|Any CPU.ActiveCfg = Release|Any CPU
		{F2687784-5E67-CD2E-A10D-49D2E4669F49}.Release|Any CPU.Build.0 = Release|Any CPU
	EndGlobalSection
	GlobalSection(SolutionProperties) = preSolution
		HideSolutionNode = FALSE
	EndGlobalSection
EndGlobal
